
Microsoft Visual Studio Solution File, Format Version 12.00
# Visual Studio Version 17
VisualStudioVersion = 17.8.34316.72
MinimumVisualStudioVersion = 10.0.40219.1
Project("{FAE04EC0-301F-11D3-BF4B-00C04F79EFBC}") = "Homework_4", "Homework_4.csproj", "{6BA1538B-1010-4C7D-89CE-0AA7544DF5A4}"
EndProject
Global
	GlobalSection(SolutionConfigurationPlatforms) = preSolution
		Debug|Any CPU = Debug|Any CPU
		Release|Any CPU = Release|Any CPU
	EndGlobalSection
	GlobalSection(ProjectConfigurationPlatforms) = postSolution
		{6BA1538B-1010-4C7D-89CE-0AA7544DF5A4}.Debug|Any CPU.ActiveCfg = Debug|Any CPU
		{6BA1538B-1010-4C7D-89CE-0AA7544DF5A4}.Debug|Any CPU.Build.0 = Debug|Any CPU
		{6BA1538B-1010-4C7D-89CE-0AA7544DF5A4}.Release|Any CPU.ActiveCfg = Release|Any CPU
		{6BA1538B-1010-4C7D-89CE-0AA7544DF5A4}.Release|Any CPU.Build.0 = Release|Any CPU
	EndGlobalSection
	GlobalSection(SolutionProperties) = preSolution
		HideSolutionNode = FALSE
	EndGlobalSection
	GlobalSection(ExtensibilityGlobals) = postSolution
		SolutionGuid = {DA84C0DB-09A3-4ED5-80CD-53D73701A0BF}
	EndGlobalSection
EndGlobal
