
Microsoft Visual Studio Solution File, Format Version 12.00
# Visual Studio Version 17
VisualStudioVersion = 17.8.34316.72
MinimumVisualStudioVersion = 10.0.40219.1
Project("{FAE04EC0-301F-11D3-BF4B-00C04F79EFBC}") = "Homework_3", "Homework_3.csproj", "{9608F19A-A4B8-4559-803B-5C0EDE86D405}"
EndProject
Global
	GlobalSection(SolutionConfigurationPlatforms) = preSolution
		Debug|Any CPU = Debug|Any CPU
		Release|Any CPU = Release|Any CPU
	EndGlobalSection
	GlobalSection(ProjectConfigurationPlatforms) = postSolution
		{9608F19A-A4B8-4559-803B-5C0EDE86D405}.Debug|Any CPU.ActiveCfg = Debug|Any CPU
		{9608F19A-A4B8-4559-803B-5C0EDE86D405}.Debug|Any CPU.Build.0 = Debug|Any CPU
		{9608F19A-A4B8-4559-803B-5C0EDE86D405}.Release|Any CPU.ActiveCfg = Release|Any CPU
		{9608F19A-A4B8-4559-803B-5C0EDE86D405}.Release|Any CPU.Build.0 = Release|Any CPU
	EndGlobalSection
	GlobalSection(SolutionProperties) = preSolution
		HideSolutionNode = FALSE
	EndGlobalSection
	GlobalSection(ExtensibilityGlobals) = postSolution
		SolutionGuid = {3E659567-5CA7-4591-963D-9064A467D922}
	EndGlobalSection
EndGlobal
